// !$*UTF8*$!
{
	archiveVersion = 1;
	classes = {
	};
	objectVersion = 77;
	objects = {

/* Begin PBXBuildFile section */
		7A100000000000000000004B /* WanderHubShare.appex in Embed Foundation Extensions */ = {isa = PBXBuildFile; fileRef = 7A1000000000000000000041 /* WanderHubShare.appex */; settings = {ATTRIBUTES = (RemoveHeadersOnCopy, ); }; };
		7A100000000000000000003B /* ThailandWidgets.appex in Embed Foundation Extensions */ = {isa = PBXBuildFile; fileRef = 7A1000000000000000000031 /* ThailandWidgets.appex */; settings = {ATTRIBUTES = (RemoveHeadersOnCopy, ); }; };
/* End PBXBuildFile section */

/* Begin PBXContainerItemProxy section */
		7A100000000000000000004E /* PBXContainerItemProxy */ = {
			isa = PBXContainerItemProxy;
			containerPortal = 7A1000000000000000000009 /* Project object */;
			proxyType = 1;
			remoteGlobalIDString = 7A1000000000000000000046;
			remoteInfo = WanderHubShare;
		};
		7A100000000000000000003E /* PBXContainerItemProxy */ = {
			isa = PBXContainerItemProxy;
			containerPortal = 7A1000000000000000000009 /* Project object */;
			proxyType = 1;
			remoteGlobalIDString = 7A1000000000000000000036;
			remoteInfo = ThailandWidgets;
		};
		7A1000000000000000000020 /* PBXContainerItemProxy */ = {
			isa = PBXContainerItemProxy;
			containerPortal = 7A1000000000000000000009 /* Project object */;
			proxyType = 1;
			remoteGlobalIDString = 7A1000000000000000000006;
			remoteInfo = Thailand;
		};
/* End PBXContainerItemProxy section */

/* Begin PBXCopyFilesBuildPhase section */
		7A100000000000000000003A /* Embed Foundation Extensions */ = {
			isa = PBXCopyFilesBuildPhase;
			buildActionMask = 2147483647;
			dstPath = "";
			dstSubfolderSpec = 13;
			files = (
				7A100000000000000000003B /* ThailandWidgets.appex in Embed Foundation Extensions */,
				7A100000000000000000004B /* WanderHubShare.appex in Embed Foundation Extensions */,
			);
			name = "Embed Foundation Extensions";
			runOnlyForDeploymentPostprocessing = 0;
		};
/* End PBXCopyFilesBuildPhase section */

/* Begin PBXFileReference section */
		7A1000000000000000000041 /* WanderHubShare.appex */ = {isa = PBXFileReference; explicitFileType = "wrapper.app-extension"; includeInIndex = 0; path = WanderHubShare.appex; sourceTree = BUILT_PRODUCTS_DIR; };
		7A1000000000000000000001 /* Thailand.app */ = {isa = PBXFileReference; explicitFileType = wrapper.application; includeInIndex = 0; path = Thailand.app; sourceTree = BUILT_PRODUCTS_DIR; };
		7A1000000000000000000011 /* ThailandTests.xctest */ = {isa = PBXFileReference; explicitFileType = wrapper.cfbundle; includeInIndex = 0; path = ThailandTests.xctest; sourceTree = BUILT_PRODUCTS_DIR; };
		7A1000000000000000000031 /* ThailandWidgets.appex */ = {isa = PBXFileReference; explicitFileType = "wrapper.app-extension"; includeInIndex = 0; path = ThailandWidgets.appex; sourceTree = BUILT_PRODUCTS_DIR; };
/* End PBXFileReference section */

/* Begin PBXFileSystemSynchronizedBuildFileExceptionSet section */
		7A1000000000000000000048 /* Exceptions for "WanderHubShare" folder in "WanderHubShare" target */ = {
			isa = PBXFileSystemSynchronizedBuildFileExceptionSet;
			membershipExceptions = (
				Info.plist,
			);
			target = 7A1000000000000000000046 /* WanderHubShare */;
		};
		7A1000000000000000000038 /* Exceptions for "ThailandWidgets" folder in "ThailandWidgets" target */ = {
			isa = PBXFileSystemSynchronizedBuildFileExceptionSet;
			membershipExceptions = (
				Info.plist,
			);
			target = 7A1000000000000000000036 /* ThailandWidgets */;
		};
/* End PBXFileSystemSynchronizedBuildFileExceptionSet section */

/* Begin PBXFileSystemSynchronizedRootGroup section */
		7A1000000000000000000042 /* WanderHubShare */ = {
			isa = PBXFileSystemSynchronizedRootGroup;
			exceptions = (
				7A1000000000000000000048 /* Exceptions for "WanderHubShare" folder in "WanderHubShare" target */,
			);
			path = WanderHubShare;
			sourceTree = "<group>";
		};
		7A1000000000000000000002 /* Thailand */ = {
			isa = PBXFileSystemSynchronizedRootGroup;
			path = Thailand;
			sourceTree = "<group>";
		};
		7A1000000000000000000012 /* ThailandTests */ = {
			isa = PBXFileSystemSynchronizedRootGroup;
			path = ThailandTests;
			sourceTree = "<group>";
		};
		7A1000000000000000000032 /* ThailandWidgets */ = {
			isa = PBXFileSystemSynchronizedRootGroup;
			exceptions = (
				7A1000000000000000000038 /* Exceptions for "ThailandWidgets" folder in "ThailandWidgets" target */,
			);
			path = ThailandWidgets;
			sourceTree = "<group>";
		};
/* End PBXFileSystemSynchronizedRootGroup section */

/* Begin PBXFrameworksBuildPhase section */
		7A1000000000000000000044 /* Frameworks */ = {
			isa = PBXFrameworksBuildPhase;
			buildActionMask = 2147483647;
			files = (
			);
			runOnlyForDeploymentPostprocessing = 0;
		};
		7A1000000000000000000003 /* Frameworks */ = {
			isa = PBXFrameworksBuildPhase;
			buildActionMask = 2147483647;
			files = (
			);
			runOnlyForDeploymentPostprocessing = 0;
		};
		7A1000000000000000000013 /* Frameworks */ = {
			isa = PBXFrameworksBuildPhase;
			buildActionMask = 2147483647;
			files = (
			);
			runOnlyForDeploymentPostprocessing = 0;
		};
		7A1000000000000000000034 /* Frameworks */ = {
			isa = PBXFrameworksBuildPhase;
			buildActionMask = 2147483647;
			files = (
			);
			runOnlyForDeploymentPostprocessing = 0;
		};
/* End PBXFrameworksBuildPhase section */

/* Begin PBXGroup section */
		7A1000000000000000000004 = {
			isa = PBXGroup;
			children = (
				7A1000000000000000000002 /* Thailand */,
				7A1000000000000000000012 /* ThailandTests */,
				7A1000000000000000000032 /* ThailandWidgets */,
				7A1000000000000000000042 /* WanderHubShare */,
				7A1000000000000000000005 /* Products */,
			);
			sourceTree = "<group>";
		};
		7A1000000000000000000005 /* Products */ = {
			isa = PBXGroup;
			children = (
				7A1000000000000000000001 /* Thailand.app */,
				7A1000000000000000000011 /* ThailandTests.xctest */,
				7A1000000000000000000031 /* ThailandWidgets.appex */,
				7A1000000000000000000041 /* WanderHubShare.appex */,
			);
			name = Products;
			sourceTree = "<group>";
		};
/* End PBXGroup section */

/* Begin PBXNativeTarget section */
		7A1000000000000000000046 /* WanderHubShare */ = {
			isa = PBXNativeTarget;
			buildConfigurationList = 7A1000000000000000000047 /* Build configuration list for PBXNativeTarget "WanderHubShare" */;
			buildPhases = (
				7A1000000000000000000043 /* Sources */,
				7A1000000000000000000044 /* Frameworks */,
				7A1000000000000000000045 /* Resources */,
			);
			buildRules = (
			);
			dependencies = (
			);
			fileSystemSynchronizedGroups = (
				7A1000000000000000000042 /* WanderHubShare */,
			);
			name = WanderHubShare;
			packageProductDependencies = (
			);
			productName = WanderHubShare;
			productReference = 7A1000000000000000000041 /* WanderHubShare.appex */;
			productType = "com.apple.product-type.app-extension";
		};
		7A1000000000000000000006 /* Thailand */ = {
			isa = PBXNativeTarget;
			buildConfigurationList = 7A100000000000000000000A /* Build configuration list for PBXNativeTarget "Thailand" */;
			buildPhases = (
				7A1000000000000000000007 /* Sources */,
				7A1000000000000000000003 /* Frameworks */,
				7A1000000000000000000008 /* Resources */,
				7A100000000000000000003A /* Embed Foundation Extensions */,
			);
			buildRules = (
			);
			dependencies = (
				7A100000000000000000003F /* PBXTargetDependency */,
				7A100000000000000000004F /* PBXTargetDependency */,
			);
			fileSystemSynchronizedGroups = (
				7A1000000000000000000002 /* Thailand */,
			);
			name = Thailand;
			packageProductDependencies = (
			);
			productName = Thailand;
			productReference = 7A1000000000000000000001 /* Thailand.app */;
			productType = "com.apple.product-type.application";
		};
		7A1000000000000000000016 /* ThailandTests */ = {
			isa = PBXNativeTarget;
			buildConfigurationList = 7A100000000000000000001A /* Build configuration list for PBXNativeTarget "ThailandTests" */;
			buildPhases = (
				7A1000000000000000000017 /* Sources */,
				7A1000000000000000000013 /* Frameworks */,
				7A1000000000000000000018 /* Resources */,
			);
			buildRules = (
			);
			dependencies = (
				7A1000000000000000000021 /* PBXTargetDependency */,
			);
			fileSystemSynchronizedGroups = (
				7A1000000000000000000012 /* ThailandTests */,
			);
			name = ThailandTests;
			packageProductDependencies = (
			);
			productName = ThailandTests;
			productReference = 7A1000000000000000000011 /* ThailandTests.xctest */;
			productType = "com.apple.product-type.bundle.unit-test";
		};
		7A1000000000000000000036 /* ThailandWidgets */ = {
			isa = PBXNativeTarget;
			buildConfigurationList = 7A1000000000000000000037 /* Build configuration list for PBXNativeTarget "ThailandWidgets" */;
			buildPhases = (
				7A1000000000000000000033 /* Sources */,
				7A1000000000000000000034 /* Frameworks */,
				7A1000000000000000000035 /* Resources */,
			);
			buildRules = (
			);
			dependencies = (
			);
			fileSystemSynchronizedGroups = (
				7A1000000000000000000032 /* ThailandWidgets */,
			);
			name = ThailandWidgets;
			packageProductDependencies = (
			);
			productName = ThailandWidgets;
			productReference = 7A1000000000000000000031 /* ThailandWidgets.appex */;
			productType = "com.apple.product-type.app-extension";
		};
/* End PBXNativeTarget section */

/* Begin PBXProject section */
		7A1000000000000000000009 /* Project object */ = {
			isa = PBXProject;
			attributes = {
				BuildIndependentTargetsInParallel = 1;
				LastSwiftUpdateCheck = 1600;
				LastUpgradeCheck = 1600;
				TargetAttributes = {
					7A1000000000000000000006 = {
						CreatedOnToolsVersion = 16.0;
					};
					7A1000000000000000000016 = {
						CreatedOnToolsVersion = 16.0;
						TestTargetID = 7A1000000000000000000006;
					};
					7A1000000000000000000036 = {
						CreatedOnToolsVersion = 16.0;
					};
					7A1000000000000000000046 = {
						CreatedOnToolsVersion = 16.0;
					};
				};
			};
			buildConfigurationList = 7A100000000000000000000B /* Build configuration list for PBXProject "Thailand" */;
			developmentRegion = en;
			hasScannedForEncodings = 0;
			knownRegions = (
				en,
				Base,
			);
			mainGroup = 7A1000000000000000000004;
			minimizedProjectReferenceProxies = 1;
			preferredProjectObjectVersion = 77;
			productRefGroup = 7A1000000000000000000005 /* Products */;
			projectDirPath = "";
			projectRoot = "";
			targets = (
				7A1000000000000000000006 /* Thailand */,
				7A1000000000000000000016 /* ThailandTests */,
				7A1000000000000000000036 /* ThailandWidgets */,
				7A1000000000000000000046 /* WanderHubShare */,
			);
		};
/* End PBXProject section */

/* Begin PBXResourcesBuildPhase section */
		7A1000000000000000000045 /* Resources */ = {
			isa = PBXResourcesBuildPhase;
			buildActionMask = 2147483647;
			files = (
			);
			runOnlyForDeploymentPostprocessing = 0;
		};
		7A1000000000000000000008 /* Resources */ = {
			isa = PBXResourcesBuildPhase;
			buildActionMask = 2147483647;
			files = (
			);
			runOnlyForDeploymentPostprocessing = 0;
		};
		7A1000000000000000000018 /* Resources */ = {
			isa = PBXResourcesBuildPhase;
			buildActionMask = 2147483647;
			files = (
			);
			runOnlyForDeploymentPostprocessing = 0;
		};
		7A1000000000000000000035 /* Resources */ = {
			isa = PBXResourcesBuildPhase;
			buildActionMask = 2147483647;
			files = (
			);
			runOnlyForDeploymentPostprocessing = 0;
		};
/* End PBXResourcesBuildPhase section */

/* Begin PBXSourcesBuildPhase section */
		7A1000000000000000000043 /* Sources */ = {
			isa = PBXSourcesBuildPhase;
			buildActionMask = 2147483647;
			files = (
			);
			runOnlyForDeploymentPostprocessing = 0;
		};
		7A1000000000000000000007 /* Sources */ = {
			isa = PBXSourcesBuildPhase;
			buildActionMask = 2147483647;
			files = (
			);
			runOnlyForDeploymentPostprocessing = 0;
		};
		7A1000000000000000000017 /* Sources */ = {
			isa = PBXSourcesBuildPhase;
			buildActionMask = 2147483647;
			files = (
			);
			runOnlyForDeploymentPostprocessing = 0;
		};
		7A1000000000000000000033 /* Sources */ = {
			isa = PBXSourcesBuildPhase;
			buildActionMask = 2147483647;
			files = (
			);
			runOnlyForDeploymentPostprocessing = 0;
		};
/* End PBXSourcesBuildPhase section */

/* Begin PBXTargetDependency section */
		7A100000000000000000004F /* PBXTargetDependency */ = {
			isa = PBXTargetDependency;
			target = 7A1000000000000000000046 /* WanderHubShare */;
			targetProxy = 7A100000000000000000004E /* PBXContainerItemProxy */;
		};
		7A1000000000000000000021 /* PBXTargetDependency */ = {
			isa = PBXTargetDependency;
			target = 7A1000000000000000000006 /* Thailand */;
			targetProxy = 7A1000000000000000000020 /* PBXContainerItemProxy */;
		};
		7A100000000000000000003F /* PBXTargetDependency */ = {
			isa = PBXTargetDependency;
			target = 7A1000000000000000000036 /* ThailandWidgets */;
			targetProxy = 7A100000000000000000003E /* PBXContainerItemProxy */;
		};
/* End PBXTargetDependency section */

/* Begin XCBuildConfiguration section */
		7A100000000000000000004C /* Debug */ = {
			isa = XCBuildConfiguration;
			buildSettings = {
				CODE_SIGN_ENTITLEMENTS = WanderHubShare/WanderHubShare.entitlements;
				CODE_SIGN_STYLE = Automatic;
				CURRENT_PROJECT_VERSION = 4;
				DEVELOPMENT_TEAM = "";
				GENERATE_INFOPLIST_FILE = YES;
				INFOPLIST_FILE = WanderHubShare/Info.plist;
				INFOPLIST_KEY_CFBundleDisplayName = WanderHub;
				INFOPLIST_KEY_NSHumanReadableCopyright = "";
				IPHONEOS_DEPLOYMENT_TARGET = 18.0;
				LD_RUNPATH_SEARCH_PATHS = (
					"$(inherited)",
					"@executable_path/Frameworks",
					"@executable_path/../../Frameworks",
				);
				MARKETING_VERSION = 1.0;
				PRODUCT_BUNDLE_IDENTIFIER = com.kbreed.thailandtrip.share;
				PRODUCT_NAME = "$(TARGET_NAME)";
				SKIP_INSTALL = YES;
				SWIFT_EMIT_LOC_STRINGS = YES;
				SWIFT_VERSION = 5.0;
				TARGETED_DEVICE_FAMILY = 1;
			};
			name = Debug;
		};
		7A100000000000000000004D /* Release */ = {
			isa = XCBuildConfiguration;
			buildSettings = {
				CODE_SIGN_ENTITLEMENTS = WanderHubShare/WanderHubShare.entitlements;
				CODE_SIGN_STYLE = Automatic;
				CURRENT_PROJECT_VERSION = 4;
				DEVELOPMENT_TEAM = "";
				GENERATE_INFOPLIST_FILE = YES;
				INFOPLIST_FILE = WanderHubShare/Info.plist;
				INFOPLIST_KEY_CFBundleDisplayName = WanderHub;
				INFOPLIST_KEY_NSHumanReadableCopyright = "";
				IPHONEOS_DEPLOYMENT_TARGET = 18.0;
				LD_RUNPATH_SEARCH_PATHS = (
					"$(inherited)",
					"@executable_path/Frameworks",
					"@executable_path/../../Frameworks",
				);
				MARKETING_VERSION = 1.0;
				PRODUCT_BUNDLE_IDENTIFIER = com.kbreed.thailandtrip.share;
				PRODUCT_NAME = "$(TARGET_NAME)";
				SKIP_INSTALL = YES;
				SWIFT_EMIT_LOC_STRINGS = YES;
				SWIFT_VERSION = 5.0;
				TARGETED_DEVICE_FAMILY = 1;
			};
			name = Release;
		};
		7A100000000000000000000C /* Debug */ = {
			isa = XCBuildConfiguration;
			buildSettings = {
				ALWAYS_SEARCH_USER_PATHS = NO;
				ASSETCATALOG_COMPILER_GENERATE_SWIFT_ASSET_SYMBOL_EXTENSIONS = YES;
				CLANG_ANALYZER_NONNULL = YES;
				CLANG_CXX_LANGUAGE_STANDARD = "gnu++20";
				CLANG_ENABLE_MODULES = YES;
				CLANG_ENABLE_OBJC_ARC = YES;
				CLANG_ENABLE_OBJC_WEAK = YES;
				COPY_PHASE_STRIP = NO;
				DEBUG_INFORMATION_FORMAT = dwarf;
				ENABLE_STRICT_OBJC_MSGSEND = YES;
				ENABLE_TESTABILITY = YES;
				ENABLE_USER_SCRIPT_SANDBOXING = YES;
				GCC_C_LANGUAGE_STANDARD = gnu17;
				GCC_DYNAMIC_NO_PIC = NO;
				GCC_NO_COMMON_BLOCKS = YES;
				GCC_OPTIMIZATION_LEVEL = 0;
				GCC_PREPROCESSOR_DEFINITIONS = (
					"DEBUG=1",
					"$(inherited)",
				);
				IPHONEOS_DEPLOYMENT_TARGET = 18.0;
				LOCALIZATION_PREFERS_STRING_CATALOGS = YES;
				MTL_ENABLE_DEBUG_INFO = INCLUDE_SOURCE;
				MTL_FAST_MATH = YES;
				ONLY_ACTIVE_ARCH = YES;
				SDKROOT = iphoneos;
				SWIFT_ACTIVE_COMPILATION_CONDITIONS = "DEBUG $(inherited)";
				SWIFT_OPTIMIZATION_LEVEL = "-Onone";
			};
			name = Debug;
		};
		7A100000000000000000000D /* Release */ = {
			isa = XCBuildConfiguration;
			buildSettings = {
				ALWAYS_SEARCH_USER_PATHS = NO;
				ASSETCATALOG_COMPILER_GENERATE_SWIFT_ASSET_SYMBOL_EXTENSIONS = YES;
				CLANG_ANALYZER_NONNULL = YES;
				CLANG_CXX_LANGUAGE_STANDARD = "gnu++20";
				CLANG_ENABLE_MODULES = YES;
				CLANG_ENABLE_OBJC_ARC = YES;
				CLANG_ENABLE_OBJC_WEAK = YES;
				COPY_PHASE_STRIP = NO;
				DEBUG_INFORMATION_FORMAT = "dwarf-with-dsym";
				ENABLE_NS_ASSERTIONS = NO;
				ENABLE_STRICT_OBJC_MSGSEND = YES;
				ENABLE_USER_SCRIPT_SANDBOXING = YES;
				GCC_C_LANGUAGE_STANDARD = gnu17;
				GCC_NO_COMMON_BLOCKS = YES;
				IPHONEOS_DEPLOYMENT_TARGET = 18.0;
				LOCALIZATION_PREFERS_STRING_CATALOGS = YES;
				MTL_ENABLE_DEBUG_INFO = NO;
				MTL_FAST_MATH = YES;
				SDKROOT = iphoneos;
				SWIFT_COMPILATION_MODE = wholemodule;
				VALIDATE_PRODUCT = YES;
			};
			name = Release;
		};
		7A100000000000000000000E /* Debug */ = {
			isa = XCBuildConfiguration;
			buildSettings = {
				ASSETCATALOG_COMPILER_APPICON_NAME = AppIcon;
				ASSETCATALOG_COMPILER_GLOBAL_ACCENT_COLOR_NAME = AccentColor;
				CODE_SIGN_ENTITLEMENTS = Thailand.entitlements;
				CODE_SIGN_STYLE = Automatic;
				CURRENT_PROJECT_VERSION = 4;
				DEVELOPMENT_ASSET_PATHS = "\"Thailand/Preview Content\"";
				DEVELOPMENT_TEAM = "";
				ENABLE_PREVIEWS = YES;
				GENERATE_INFOPLIST_FILE = YES;
				INFOPLIST_FILE = "Thailand-Info.plist";
				INFOPLIST_KEY_CFBundleDisplayName = WanderHub;
				INFOPLIST_KEY_LSApplicationCategoryType = "public.app-category.travel";
				INFOPLIST_KEY_NSCalendarsFullAccessUsageDescription = "Thailand Trip shows your calendar next to your plans and can add your plans to your calendar.";
				INFOPLIST_KEY_NSCameraUsageDescription = "Take photos to attach to places in your itinerary and to translate menus and signs.";
				INFOPLIST_KEY_NSFaceIDUsageDescription = "Face ID keeps your passport and booking documents private.";
				INFOPLIST_KEY_NSLocationWhenInUseUsageDescription = "Your location is used to show where you are, photos of nearby sights and places to eat. It's only used while the app is open.";
				INFOPLIST_KEY_NSMotionUsageDescription = "Motion & Fitness counts your steps and how far you've walked each day of the trip.";
				INFOPLIST_KEY_NSMicrophoneUsageDescription = "The microphone is used for voice translation so you can talk with people in Thai.";
				INFOPLIST_KEY_NSPhotoLibraryAddUsageDescription = "Save photos from your trip to your photo library.";
				INFOPLIST_KEY_NSPhotoLibraryUsageDescription = "Add photos from your library to places in your itinerary and translate text in photos.";
				INFOPLIST_KEY_NSSpeechRecognitionUsageDescription = "Speech recognition turns what you say into text so it can be translated.";
				INFOPLIST_KEY_UIApplicationSceneManifest_Generation = YES;
				INFOPLIST_KEY_UIApplicationSupportsIndirectInputEvents = YES;
				INFOPLIST_KEY_UILaunchScreen_Generation = YES;
				INFOPLIST_KEY_UISupportedInterfaceOrientations = UIInterfaceOrientationPortrait;
				LD_RUNPATH_SEARCH_PATHS = (
					"$(inherited)",
					"@executable_path/Frameworks",
				);
				MARKETING_VERSION = 1.0;
				PRODUCT_BUNDLE_IDENTIFIER = com.kbreed.thailandtrip;
				PRODUCT_NAME = "$(TARGET_NAME)";
				SWIFT_EMIT_LOC_STRINGS = YES;
				SWIFT_VERSION = 5.0;
				TARGETED_DEVICE_FAMILY = 1;
			};
			name = Debug;
		};
		7A100000000000000000000F /* Release */ = {
			isa = XCBuildConfiguration;
			buildSettings = {
				ASSETCATALOG_COMPILER_APPICON_NAME = AppIcon;
				ASSETCATALOG_COMPILER_GLOBAL_ACCENT_COLOR_NAME = AccentColor;
				CODE_SIGN_ENTITLEMENTS = Thailand.entitlements;
				CODE_SIGN_STYLE = Automatic;
				CURRENT_PROJECT_VERSION = 4;
				DEVELOPMENT_ASSET_PATHS = "\"Thailand/Preview Content\"";
				DEVELOPMENT_TEAM = "";
				ENABLE_PREVIEWS = YES;
				GENERATE_INFOPLIST_FILE = YES;
				INFOPLIST_FILE = "Thailand-Info.plist";
				INFOPLIST_KEY_CFBundleDisplayName = WanderHub;
				INFOPLIST_KEY_LSApplicationCategoryType = "public.app-category.travel";
				INFOPLIST_KEY_NSCalendarsFullAccessUsageDescription = "Thailand Trip shows your calendar next to your plans and can add your plans to your calendar.";
				INFOPLIST_KEY_NSCameraUsageDescription = "Take photos to attach to places in your itinerary and to translate menus and signs.";
				INFOPLIST_KEY_NSFaceIDUsageDescription = "Face ID keeps your passport and booking documents private.";
				INFOPLIST_KEY_NSLocationWhenInUseUsageDescription = "Your location is used to show where you are, photos of nearby sights and places to eat. It's only used while the app is open.";
				INFOPLIST_KEY_NSMotionUsageDescription = "Motion & Fitness counts your steps and how far you've walked each day of the trip.";
				INFOPLIST_KEY_NSMicrophoneUsageDescription = "The microphone is used for voice translation so you can talk with people in Thai.";
				INFOPLIST_KEY_NSPhotoLibraryAddUsageDescription = "Save photos from your trip to your photo library.";
				INFOPLIST_KEY_NSPhotoLibraryUsageDescription = "Add photos from your library to places in your itinerary and translate text in photos.";
				INFOPLIST_KEY_NSSpeechRecognitionUsageDescription = "Speech recognition turns what you say into text so it can be translated.";
				INFOPLIST_KEY_UIApplicationSceneManifest_Generation = YES;
				INFOPLIST_KEY_UIApplicationSupportsIndirectInputEvents = YES;
				INFOPLIST_KEY_UILaunchScreen_Generation = YES;
				INFOPLIST_KEY_UISupportedInterfaceOrientations = UIInterfaceOrientationPortrait;
				LD_RUNPATH_SEARCH_PATHS = (
					"$(inherited)",
					"@executable_path/Frameworks",
				);
				MARKETING_VERSION = 1.0;
				PRODUCT_BUNDLE_IDENTIFIER = com.kbreed.thailandtrip;
				PRODUCT_NAME = "$(TARGET_NAME)";
				SWIFT_EMIT_LOC_STRINGS = YES;
				SWIFT_VERSION = 5.0;
				TARGETED_DEVICE_FAMILY = 1;
			};
			name = Release;
		};
		7A100000000000000000001C /* Debug */ = {
			isa = XCBuildConfiguration;
			buildSettings = {
				BUNDLE_LOADER = "$(TEST_HOST)";
				CODE_SIGN_STYLE = Automatic;
				CURRENT_PROJECT_VERSION = 4;
				DEVELOPMENT_TEAM = "";
				GENERATE_INFOPLIST_FILE = YES;
				MARKETING_VERSION = 1.0;
				PRODUCT_BUNDLE_IDENTIFIER = com.kbreed.thailandtrip.tests;
				PRODUCT_NAME = "$(TARGET_NAME)";
				SWIFT_EMIT_LOC_STRINGS = NO;
				SWIFT_VERSION = 5.0;
				TARGETED_DEVICE_FAMILY = 1;
				TEST_HOST = "$(BUILT_PRODUCTS_DIR)/Thailand.app/$(BUNDLE_EXECUTABLE_FOLDER_PATH)/Thailand";
			};
			name = Debug;
		};
		7A100000000000000000001D /* Release */ = {
			isa = XCBuildConfiguration;
			buildSettings = {
				BUNDLE_LOADER = "$(TEST_HOST)";
				CODE_SIGN_STYLE = Automatic;
				CURRENT_PROJECT_VERSION = 4;
				DEVELOPMENT_TEAM = "";
				GENERATE_INFOPLIST_FILE = YES;
				MARKETING_VERSION = 1.0;
				PRODUCT_BUNDLE_IDENTIFIER = com.kbreed.thailandtrip.tests;
				PRODUCT_NAME = "$(TARGET_NAME)";
				SWIFT_EMIT_LOC_STRINGS = NO;
				SWIFT_VERSION = 5.0;
				TARGETED_DEVICE_FAMILY = 1;
				TEST_HOST = "$(BUILT_PRODUCTS_DIR)/Thailand.app/$(BUNDLE_EXECUTABLE_FOLDER_PATH)/Thailand";
			};
			name = Release;
		};
		7A100000000000000000003C /* Debug */ = {
			isa = XCBuildConfiguration;
			buildSettings = {
				CODE_SIGN_STYLE = Automatic;
				CURRENT_PROJECT_VERSION = 4;
				DEVELOPMENT_TEAM = "";
				GENERATE_INFOPLIST_FILE = YES;
				INFOPLIST_FILE = ThailandWidgets/Info.plist;
				INFOPLIST_KEY_CFBundleDisplayName = WanderHub;
				INFOPLIST_KEY_NSHumanReadableCopyright = "";
				LD_RUNPATH_SEARCH_PATHS = (
					"$(inherited)",
					"@executable_path/Frameworks",
					"@executable_path/../../Frameworks",
				);
				MARKETING_VERSION = 1.0;
				PRODUCT_BUNDLE_IDENTIFIER = com.kbreed.thailandtrip.widgets;
				PRODUCT_NAME = "$(TARGET_NAME)";
				SKIP_INSTALL = YES;
				SWIFT_EMIT_LOC_STRINGS = YES;
				SWIFT_VERSION = 5.0;
				TARGETED_DEVICE_FAMILY = 1;
			};
			name = Debug;
		};
		7A100000000000000000003D /* Release */ = {
			isa = XCBuildConfiguration;
			buildSettings = {
				CODE_SIGN_STYLE = Automatic;
				CURRENT_PROJECT_VERSION = 4;
				DEVELOPMENT_TEAM = "";
				GENERATE_INFOPLIST_FILE = YES;
				INFOPLIST_FILE = ThailandWidgets/Info.plist;
				INFOPLIST_KEY_CFBundleDisplayName = WanderHub;
				INFOPLIST_KEY_NSHumanReadableCopyright = "";
				LD_RUNPATH_SEARCH_PATHS = (
					"$(inherited)",
					"@executable_path/Frameworks",
					"@executable_path/../../Frameworks",
				);
				MARKETING_VERSION = 1.0;
				PRODUCT_BUNDLE_IDENTIFIER = com.kbreed.thailandtrip.widgets;
				PRODUCT_NAME = "$(TARGET_NAME)";
				SKIP_INSTALL = YES;
				SWIFT_EMIT_LOC_STRINGS = YES;
				SWIFT_VERSION = 5.0;
				TARGETED_DEVICE_FAMILY = 1;
			};
			name = Release;
		};
/* End XCBuildConfiguration section */

/* Begin XCConfigurationList section */
		7A1000000000000000000047 /* Build configuration list for PBXNativeTarget "WanderHubShare" */ = {
			isa = XCConfigurationList;
			buildConfigurations = (
				7A100000000000000000004C /* Debug */,
				7A100000000000000000004D /* Release */,
			);
			defaultConfigurationIsVisible = 0;
			defaultConfigurationName = Release;
		};
		7A100000000000000000000A /* Build configuration list for PBXNativeTarget "Thailand" */ = {
			isa = XCConfigurationList;
			buildConfigurations = (
				7A100000000000000000000E /* Debug */,
				7A100000000000000000000F /* Release */,
			);
			defaultConfigurationIsVisible = 0;
			defaultConfigurationName = Release;
		};
		7A100000000000000000000B /* Build configuration list for PBXProject "Thailand" */ = {
			isa = XCConfigurationList;
			buildConfigurations = (
				7A100000000000000000000C /* Debug */,
				7A100000000000000000000D /* Release */,
			);
			defaultConfigurationIsVisible = 0;
			defaultConfigurationName = Release;
		};
		7A100000000000000000001A /* Build configuration list for PBXNativeTarget "ThailandTests" */ = {
			isa = XCConfigurationList;
			buildConfigurations = (
				7A100000000000000000001C /* Debug */,
				7A100000000000000000001D /* Release */,
			);
			defaultConfigurationIsVisible = 0;
			defaultConfigurationName = Release;
		};
		7A1000000000000000000037 /* Build configuration list for PBXNativeTarget "ThailandWidgets" */ = {
			isa = XCConfigurationList;
			buildConfigurations = (
				7A100000000000000000003C /* Debug */,
				7A100000000000000000003D /* Release */,
			);
			defaultConfigurationIsVisible = 0;
			defaultConfigurationName = Release;
		};
/* End XCConfigurationList section */
	};
	rootObject = 7A1000000000000000000009 /* Project object */;
}
